
Microsoft Visual Studio Solution File, Format Version 12.00
# Visual Studio Version 16
VisualStudioVersion = 16.0.31624.102
MinimumVisualStudioVersion = 10.0.40219.1
Project("{FAE04EC0-301F-11D3-BF4B-00C04F79EFBC}") = "quanlyks", "quanlyks.csproj", "{009D8835-9F55-433C-8F93-CC8438454B17}"
EndProject
Global
	GlobalSection(SolutionConfigurationPlatforms) = preSolution
		Debug|Any CPU = Debug|Any CPU
		Release|Any CPU = Release|Any CPU
	EndGlobalSection
	GlobalSection(ProjectConfigurationPlatforms) = postSolution
		{009D8835-9F55-433C-8F93-CC8438454B17}.Debug|Any CPU.ActiveCfg = Debug|Any CPU
		{009D8835-9F55-433C-8F93-CC8438454B17}.Debug|Any CPU.Build.0 = Debug|Any CPU
		{009D8835-9F55-433C-8F93-CC8438454B17}.Release|Any CPU.ActiveCfg = Release|Any CPU
		{009D8835-9F55-433C-8F93-CC8438454B17}.Release|Any CPU.Build.0 = Release|Any CPU
	EndGlobalSection
	GlobalSection(SolutionProperties) = preSolution
		HideSolutionNode = FALSE
	EndGlobalSection
	GlobalSection(ExtensibilityGlobals) = postSolution
		SolutionGuid = {AB4C71CA-1D48-493E-8A49-9C5075BB1F0D}
	EndGlobalSection
EndGlobal
